
Microsoft Visual Studio Solution File, Format Version 12.00
# Visual Studio Version 17
VisualStudioVersion = 17.11.35219.272
MinimumVisualStudioVersion = 10.0.40219.1
Project("{FAE04EC0-301F-11D3-BF4B-00C04F79EFBC}") = "PoliceFollowup", "PoliceFollowup\PoliceFollowup.csproj", "{C8F2C321-BB10-4AD1-9168-C69A0D0BE7F9}"
EndProject
Project("{2150E333-8FDC-42A3-9474-1A3956D46DE8}") = "01 Data Access Layer", "01 Data Access Layer", "{2B687478-1789-4F58-A3EB-BB66F7F46E97}"
EndProject
Project("{2150E333-8FDC-42A3-9474-1A3956D46DE8}") = "03 Repository Layer", "03 Repository Layer", "{061DF1BE-CE05-4490-8682-EAD3AA492F73}"
EndProject
Project("{2150E333-8FDC-42A3-9474-1A3956D46DE8}") = "04 Presentation Layer", "04 Presentation Layer", "{5D11BD3D-32AE-4D7A-BD56-27A7D61688ED}"
EndProject
Project("{FAE04EC0-301F-11D3-BF4B-00C04F79EFBC}") = "DAL", "DAL\DAL.csproj", "{1C45B6D5-78B5-4785-9C0C-ECED85508124}"
EndProject
Project("{2150E333-8FDC-42A3-9474-1A3956D46DE8}") = "02 Shared Layer", "02 Shared Layer", "{C63454CD-4150-4819-AE1C-5C220C31111D}"
EndProject
Project("{FAE04EC0-301F-11D3-BF4B-00C04F79EFBC}") = "SharedLayer", "SharedLayer\SharedLayer.csproj", "{3C85B425-433D-4B7D-B764-8B632BC37DEA}"
EndProject
Project("{FAE04EC0-301F-11D3-BF4B-00C04F79EFBC}") = "RepositoryLayer", "RepositoryLayer\RepositoryLayer.csproj", "{0E7112D3-66E0-4C63-A750-E30644C3D7E3}"
EndProject
Global
	GlobalSection(SolutionConfigurationPlatforms) = preSolution
		Debug|Any CPU = Debug|Any CPU
		Release|Any CPU = Release|Any CPU
	EndGlobalSection
	GlobalSection(ProjectConfigurationPlatforms) = postSolution
		{C8F2C321-BB10-4AD1-9168-C69A0D0BE7F9}.Debug|Any CPU.ActiveCfg = Debug|Any CPU
		{C8F2C321-BB10-4AD1-9168-C69A0D0BE7F9}.Debug|Any CPU.Build.0 = Debug|Any CPU
		{C8F2C321-BB10-4AD1-9168-C69A0D0BE7F9}.Release|Any CPU.ActiveCfg = Release|Any CPU
		{C8F2C321-BB10-4AD1-9168-C69A0D0BE7F9}.Release|Any CPU.Build.0 = Release|Any CPU
		{1C45B6D5-78B5-4785-9C0C-ECED85508124}.Debug|Any CPU.ActiveCfg = Debug|Any CPU
		{1C45B6D5-78B5-4785-9C0C-ECED85508124}.Debug|Any CPU.Build.0 = Debug|Any CPU
		{1C45B6D5-78B5-4785-9C0C-ECED85508124}.Release|Any CPU.ActiveCfg = Release|Any CPU
		{1C45B6D5-78B5-4785-9C0C-ECED85508124}.Release|Any CPU.Build.0 = Release|Any CPU
		{3C85B425-433D-4B7D-B764-8B632BC37DEA}.Debug|Any CPU.ActiveCfg = Debug|Any CPU
		{3C85B425-433D-4B7D-B764-8B632BC37DEA}.Debug|Any CPU.Build.0 = Debug|Any CPU
		{3C85B425-433D-4B7D-B764-8B632BC37DEA}.Release|Any CPU.ActiveCfg = Release|Any CPU
		{3C85B425-433D-4B7D-B764-8B632BC37DEA}.Release|Any CPU.Build.0 = Release|Any CPU
		{0E7112D3-66E0-4C63-A750-E30644C3D7E3}.Debug|Any CPU.ActiveCfg = Debug|Any CPU
		{0E7112D3-66E0-4C63-A750-E30644C3D7E3}.Debug|Any CPU.Build.0 = Debug|Any CPU
		{0E7112D3-66E0-4C63-A750-E30644C3D7E3}.Release|Any CPU.ActiveCfg = Release|Any CPU
		{0E7112D3-66E0-4C63-A750-E30644C3D7E3}.Release|Any CPU.Build.0 = Release|Any CPU
	EndGlobalSection
	GlobalSection(SolutionProperties) = preSolution
		HideSolutionNode = FALSE
	EndGlobalSection
	GlobalSection(NestedProjects) = preSolution
		{C8F2C321-BB10-4AD1-9168-C69A0D0BE7F9} = {5D11BD3D-32AE-4D7A-BD56-27A7D61688ED}
		{1C45B6D5-78B5-4785-9C0C-ECED85508124} = {2B687478-1789-4F58-A3EB-BB66F7F46E97}
		{3C85B425-433D-4B7D-B764-8B632BC37DEA} = {C63454CD-4150-4819-AE1C-5C220C31111D}
		{0E7112D3-66E0-4C63-A750-E30644C3D7E3} = {061DF1BE-CE05-4490-8682-EAD3AA492F73}
	EndGlobalSection
	GlobalSection(ExtensibilityGlobals) = postSolution
		SolutionGuid = {C1BE9F0A-17A6-4C4A-AF59-2C051146D00A}
	EndGlobalSection
EndGlobal
